{
    "name": "onda-types",
    "version": "1.14.0",
    "lockfileVersion": 3,
    "requires": true,
    "packages": {
        "": {
            "name": "onda-types",
            "version": "1.14.0",
            "license": "MIT",
            "dependencies": {
                "hono": "^4.7.8",
                "zod": "^3.25.49"
            },
            "devDependencies": {
                "@cloudflare/workers-types": "^4.20250522.0",
                "@types/bun": "^1.2.14",
                "@types/node": "^20.0.0",
                "typescript": "^5.0.0"
            }
        },
        "node_modules/@cloudflare/workers-types": {
            "version": "4.20250604.0",
            "resolved": "https://registry.npmjs.org/@cloudflare/workers-types/-/workers-types-4.20250604.0.tgz",
            "integrity": "sha512-//sQvI1x8wfd23o41QLF3z1Kj2ULAoUJ59zhIOCNjRRyaVoed/vtSVGo3porvTHXWz7C6E5f3duquCfElIqzKQ==",
            "dev": true,
            "license": "MIT OR Apache-2.0"
        },
        "node_modules/@types/bun": {
            "version": "1.2.15",
            "resolved": "https://registry.npmjs.org/@types/bun/-/bun-1.2.15.tgz",
            "integrity": "sha512-U1ljPdBEphF0nw1MIk0hI7kPg7dFdPyM7EenHsp6W5loNHl7zqy6JQf/RKCgnUn2KDzUpkBwHPnEJEjII594bA==",
            "dev": true,
            "license": "MIT",
            "dependencies": {
                "bun-types": "1.2.15"
            }
        },
        "node_modules/@types/node": {
            "version": "20.17.57",
            "resolved": "https://registry.npmjs.org/@types/node/-/node-20.17.57.tgz",
            "integrity": "sha512-f3T4y6VU4fVQDKVqJV4Uppy8c1p/sVvS3peyqxyWnzkqXFJLRU7Y1Bl7rMS1Qe9z0v4M6McY0Fp9yBsgHJUsWQ==",
            "dev": true,
            "license": "MIT",
            "dependencies": {
                "undici-types": "~6.19.2"
            }
        },
        "node_modules/bun-types": {
            "version": "1.2.15",
            "resolved": "https://registry.npmjs.org/bun-types/-/bun-types-1.2.15.tgz",
            "integrity": "sha512-NarRIaS+iOaQU1JPfyKhZm4AsUOrwUOqRNHY0XxI8GI8jYxiLXLcdjYMG9UKS+fwWasc1uw1htV9AX24dD+p4w==",
            "dev": true,
            "license": "MIT",
            "dependencies": {
                "@types/node": "*"
            }
        },
        "node_modules/hono": {
            "version": "4.7.11",
            "resolved": "https://registry.npmjs.org/hono/-/hono-4.7.11.tgz",
            "integrity": "sha512-rv0JMwC0KALbbmwJDEnxvQCeJh+xbS3KEWW5PC9cMJ08Ur9xgatI0HmtgYZfOdOSOeYsp5LO2cOhdI8cLEbDEQ==",
            "license": "MIT",
            "engines": {
                "node": ">=16.9.0"
            }
        },
        "node_modules/typescript": {
            "version": "5.8.3",
            "resolved": "https://registry.npmjs.org/typescript/-/typescript-5.8.3.tgz",
            "integrity": "sha512-p1diW6TqL9L07nNxvRMM7hMMw4c5XOo/1ibL4aAIGmSAt9slTE1Xgw5KWuof2uTOvCg9BY7ZRi+GaF+7sfgPeQ==",
            "dev": true,
            "license": "Apache-2.0",
            "bin": {
                "tsc": "bin/tsc",
                "tsserver": "bin/tsserver"
            },
            "engines": {
                "node": ">=14.17"
            }
        },
        "node_modules/undici-types": {
            "version": "6.19.8",
            "resolved": "https://registry.npmjs.org/undici-types/-/undici-types-6.19.8.tgz",
            "integrity": "sha512-ve2KP6f/JnbPBFyobGHuerC9g1FYGn/F8n1LWTwNxCEzd6IfqTwUQcNXgEtmmQ6DlRrC1hrSrBnCZPokRrDHjw==",
            "dev": true,
            "license": "MIT"
        },
        "node_modules/zod": {
            "version": "3.25.49",
            "resolved": "https://registry.npmjs.org/zod/-/zod-3.25.49.tgz",
            "integrity": "sha512-JMMPMy9ZBk3XFEdbM3iL1brx4NUSejd6xr3ELrrGEfGb355gjhiAWtG3K5o+AViV/3ZfkIrCzXsZn6SbLwTR8Q==",
            "license": "MIT",
            "funding": {
                "url": "https://github.com/sponsors/colinhacks"
            }
        }
    }
}
