{
    "name": "onda-types",
    "version": "1.72.0",
    "lockfileVersion": 3,
    "requires": true,
    "packages": {
        "": {
            "name": "onda-types",
            "version": "1.72.0",
            "license": "MIT",
            "devDependencies": {
                "@cloudflare/workers-types": "^4.0.0",
                "hono": "^4.7.11",
                "typescript": "^5.0.0",
                "zod": "^3.25.56"
            },
            "peerDependencies": {
                "@cloudflare/workers-types": "^4.0.0",
                "hono": "^4.7.11",
                "typescript": ">=4.0.0",
                "zod": "^3.0.0"
            }
        },
        "node_modules/@cloudflare/workers-types": {
            "version": "4.20250605.0",
            "resolved": "https://registry.npmjs.org/@cloudflare/workers-types/-/workers-types-4.20250605.0.tgz",
            "integrity": "sha512-e3/ZCXcpmk3jUNfq/2gyVYqeOqUhuQ0hsSdohSGscCgTkUI37QraVeCAOQtciKPDFXKOkaGGkmxg+RLYunbKuw==",
            "dev": true,
            "license": "MIT OR Apache-2.0"
        },
        "node_modules/hono": {
            "version": "4.7.11",
            "resolved": "https://registry.npmjs.org/hono/-/hono-4.7.11.tgz",
            "integrity": "sha512-rv0JMwC0KALbbmwJDEnxvQCeJh+xbS3KEWW5PC9cMJ08Ur9xgatI0HmtgYZfOdOSOeYsp5LO2cOhdI8cLEbDEQ==",
            "dev": true,
            "license": "MIT",
            "engines": {
                "node": ">=16.9.0"
            }
        },
        "node_modules/typescript": {
            "version": "5.8.3",
            "resolved": "https://registry.npmjs.org/typescript/-/typescript-5.8.3.tgz",
            "integrity": "sha512-p1diW6TqL9L07nNxvRMM7hMMw4c5XOo/1ibL4aAIGmSAt9slTE1Xgw5KWuof2uTOvCg9BY7ZRi+GaF+7sfgPeQ==",
            "dev": true,
            "license": "Apache-2.0",
            "bin": {
                "tsc": "bin/tsc",
                "tsserver": "bin/tsserver"
            },
            "engines": {
                "node": ">=14.17"
            }
        },
        "node_modules/zod": {
            "version": "3.25.56",
            "resolved": "https://registry.npmjs.org/zod/-/zod-3.25.56.tgz",
            "integrity": "sha512-rd6eEF3BTNvQnR2e2wwolfTmUTnp70aUTqr0oaGbHifzC3BKJsoV+Gat8vxUMR1hwOKBs6El+qWehrHbCpW6SQ==",
            "dev": true,
            "license": "MIT",
            "funding": {
                "url": "https://github.com/sponsors/colinhacks"
            }
        }
    }
}
